
Microsoft Visual Studio Solution File, Format Version 12.00
# Visual Studio 2012
Project("{8BC9CEB8-8B4A-11D0-8D11-00A0C91BC942}") = "calculator", "calculator\calculator.vcxproj", "{AC2DE26E-7014-4A09-9C29-F1D9D5A7C798}"
EndProject
Project("{FAE04EC0-301F-11D3-BF4B-00C04F79EFBC}") = "Matrix.Editor", "CudaMatrix.Editor\Matrix.Editor.csproj", "{B4977466-630D-4815-9CCE-CBB0C07AAD0F}"
EndProject
Project("{8BC9CEB8-8B4A-11D0-8D11-00A0C91BC942}") = "cudamatrix", "cudamatrix\cudamatrix.vcxproj", "{A53A7491-EFC0-4287-B134-26176715B0C3}"
EndProject
Project("{8BC9CEB8-8B4A-11D0-8D11-00A0C91BC942}") = "mpimatrix", "mpimatrix\mpimatrix.vcxproj", "{D997440F-E881-4592-8AFC-BDB679372F18}"
EndProject
Project("{FAE04EC0-301F-11D3-BF4B-00C04F79EFBC}") = "CudaMatrix.UnitTest", "CudaMatrix.UnitTest\CudaMatrix.UnitTest.csproj", "{E916BB6A-94F8-4E6C-A91E-530AD17DF89B}"
EndProject
Project("{8BC9CEB8-8B4A-11D0-8D11-00A0C91BC942}") = "mpimatrix2", "mpimatrix2\mpimatrix2.vcxproj", "{31CE650E-9509-429F-B4A6-57810158D7E3}"
EndProject
Global
	GlobalSection(SolutionConfigurationPlatforms) = preSolution
		Debug|Any CPU = Debug|Any CPU
		Debug|Mixed Platforms = Debug|Mixed Platforms
		Debug|Win32 = Debug|Win32
		Debug|x64 = Debug|x64
		Release|Any CPU = Release|Any CPU
		Release|Mixed Platforms = Release|Mixed Platforms
		Release|Win32 = Release|Win32
		Release|x64 = Release|x64
	EndGlobalSection
	GlobalSection(ProjectConfigurationPlatforms) = postSolution
		{AC2DE26E-7014-4A09-9C29-F1D9D5A7C798}.Debug|Any CPU.ActiveCfg = Debug|Win32
		{AC2DE26E-7014-4A09-9C29-F1D9D5A7C798}.Debug|Mixed Platforms.ActiveCfg = Debug|x64
		{AC2DE26E-7014-4A09-9C29-F1D9D5A7C798}.Debug|Mixed Platforms.Build.0 = Debug|x64
		{AC2DE26E-7014-4A09-9C29-F1D9D5A7C798}.Debug|Win32.ActiveCfg = Debug|Win32
		{AC2DE26E-7014-4A09-9C29-F1D9D5A7C798}.Debug|Win32.Build.0 = Debug|Win32
		{AC2DE26E-7014-4A09-9C29-F1D9D5A7C798}.Debug|x64.ActiveCfg = Debug|x64
		{AC2DE26E-7014-4A09-9C29-F1D9D5A7C798}.Debug|x64.Build.0 = Debug|x64
		{AC2DE26E-7014-4A09-9C29-F1D9D5A7C798}.Release|Any CPU.ActiveCfg = Release|Win32
		{AC2DE26E-7014-4A09-9C29-F1D9D5A7C798}.Release|Mixed Platforms.ActiveCfg = Release|Win32
		{AC2DE26E-7014-4A09-9C29-F1D9D5A7C798}.Release|Mixed Platforms.Build.0 = Release|Win32
		{AC2DE26E-7014-4A09-9C29-F1D9D5A7C798}.Release|Win32.ActiveCfg = Release|Win32
		{AC2DE26E-7014-4A09-9C29-F1D9D5A7C798}.Release|Win32.Build.0 = Release|Win32
		{AC2DE26E-7014-4A09-9C29-F1D9D5A7C798}.Release|x64.ActiveCfg = Release|x64
		{AC2DE26E-7014-4A09-9C29-F1D9D5A7C798}.Release|x64.Build.0 = Release|x64
		{B4977466-630D-4815-9CCE-CBB0C07AAD0F}.Debug|Any CPU.ActiveCfg = Debug|Any CPU
		{B4977466-630D-4815-9CCE-CBB0C07AAD0F}.Debug|Any CPU.Build.0 = Debug|Any CPU
		{B4977466-630D-4815-9CCE-CBB0C07AAD0F}.Debug|Mixed Platforms.ActiveCfg = Debug|x64
		{B4977466-630D-4815-9CCE-CBB0C07AAD0F}.Debug|Mixed Platforms.Build.0 = Debug|x64
		{B4977466-630D-4815-9CCE-CBB0C07AAD0F}.Debug|Win32.ActiveCfg = Debug|Any CPU
		{B4977466-630D-4815-9CCE-CBB0C07AAD0F}.Debug|x64.ActiveCfg = Debug|x64
		{B4977466-630D-4815-9CCE-CBB0C07AAD0F}.Debug|x64.Build.0 = Debug|x64
		{B4977466-630D-4815-9CCE-CBB0C07AAD0F}.Release|Any CPU.ActiveCfg = Release|Any CPU
		{B4977466-630D-4815-9CCE-CBB0C07AAD0F}.Release|Any CPU.Build.0 = Release|Any CPU
		{B4977466-630D-4815-9CCE-CBB0C07AAD0F}.Release|Mixed Platforms.ActiveCfg = Release|Any CPU
		{B4977466-630D-4815-9CCE-CBB0C07AAD0F}.Release|Mixed Platforms.Build.0 = Release|Any CPU
		{B4977466-630D-4815-9CCE-CBB0C07AAD0F}.Release|Win32.ActiveCfg = Release|Any CPU
		{B4977466-630D-4815-9CCE-CBB0C07AAD0F}.Release|x64.ActiveCfg = Release|Any CPU
		{B4977466-630D-4815-9CCE-CBB0C07AAD0F}.Release|x64.Build.0 = Release|Any CPU
		{A53A7491-EFC0-4287-B134-26176715B0C3}.Debug|Any CPU.ActiveCfg = Debug|Win32
		{A53A7491-EFC0-4287-B134-26176715B0C3}.Debug|Mixed Platforms.ActiveCfg = Debug|Win32
		{A53A7491-EFC0-4287-B134-26176715B0C3}.Debug|Mixed Platforms.Build.0 = Debug|Win32
		{A53A7491-EFC0-4287-B134-26176715B0C3}.Debug|Win32.ActiveCfg = Debug|Win32
		{A53A7491-EFC0-4287-B134-26176715B0C3}.Debug|Win32.Build.0 = Debug|Win32
		{A53A7491-EFC0-4287-B134-26176715B0C3}.Debug|x64.ActiveCfg = Debug|Win32
		{A53A7491-EFC0-4287-B134-26176715B0C3}.Release|Any CPU.ActiveCfg = Release|Win32
		{A53A7491-EFC0-4287-B134-26176715B0C3}.Release|Mixed Platforms.ActiveCfg = Release|Win32
		{A53A7491-EFC0-4287-B134-26176715B0C3}.Release|Mixed Platforms.Build.0 = Release|Win32
		{A53A7491-EFC0-4287-B134-26176715B0C3}.Release|Win32.ActiveCfg = Release|Win32
		{A53A7491-EFC0-4287-B134-26176715B0C3}.Release|Win32.Build.0 = Release|Win32
		{A53A7491-EFC0-4287-B134-26176715B0C3}.Release|x64.ActiveCfg = Release|x64
		{A53A7491-EFC0-4287-B134-26176715B0C3}.Release|x64.Build.0 = Release|x64
		{D997440F-E881-4592-8AFC-BDB679372F18}.Debug|Any CPU.ActiveCfg = Debug|Win32
		{D997440F-E881-4592-8AFC-BDB679372F18}.Debug|Mixed Platforms.ActiveCfg = Debug|Win32
		{D997440F-E881-4592-8AFC-BDB679372F18}.Debug|Mixed Platforms.Build.0 = Debug|Win32
		{D997440F-E881-4592-8AFC-BDB679372F18}.Debug|Win32.ActiveCfg = Debug|Win32
		{D997440F-E881-4592-8AFC-BDB679372F18}.Debug|Win32.Build.0 = Debug|Win32
		{D997440F-E881-4592-8AFC-BDB679372F18}.Debug|x64.ActiveCfg = Debug|Win32
		{D997440F-E881-4592-8AFC-BDB679372F18}.Release|Any CPU.ActiveCfg = Release|Win32
		{D997440F-E881-4592-8AFC-BDB679372F18}.Release|Mixed Platforms.ActiveCfg = Release|Win32
		{D997440F-E881-4592-8AFC-BDB679372F18}.Release|Mixed Platforms.Build.0 = Release|Win32
		{D997440F-E881-4592-8AFC-BDB679372F18}.Release|Win32.ActiveCfg = Release|Win32
		{D997440F-E881-4592-8AFC-BDB679372F18}.Release|Win32.Build.0 = Release|Win32
		{D997440F-E881-4592-8AFC-BDB679372F18}.Release|x64.ActiveCfg = Release|x64
		{D997440F-E881-4592-8AFC-BDB679372F18}.Release|x64.Build.0 = Release|x64
		{E916BB6A-94F8-4E6C-A91E-530AD17DF89B}.Debug|Any CPU.ActiveCfg = Debug|Any CPU
		{E916BB6A-94F8-4E6C-A91E-530AD17DF89B}.Debug|Any CPU.Build.0 = Debug|Any CPU
		{E916BB6A-94F8-4E6C-A91E-530AD17DF89B}.Debug|Mixed Platforms.ActiveCfg = Debug|Any CPU
		{E916BB6A-94F8-4E6C-A91E-530AD17DF89B}.Debug|Mixed Platforms.Build.0 = Debug|Any CPU
		{E916BB6A-94F8-4E6C-A91E-530AD17DF89B}.Debug|Win32.ActiveCfg = Debug|Any CPU
		{E916BB6A-94F8-4E6C-A91E-530AD17DF89B}.Debug|x64.ActiveCfg = Debug|x64
		{E916BB6A-94F8-4E6C-A91E-530AD17DF89B}.Debug|x64.Build.0 = Debug|x64
		{E916BB6A-94F8-4E6C-A91E-530AD17DF89B}.Release|Any CPU.ActiveCfg = Release|Any CPU
		{E916BB6A-94F8-4E6C-A91E-530AD17DF89B}.Release|Any CPU.Build.0 = Release|Any CPU
		{E916BB6A-94F8-4E6C-A91E-530AD17DF89B}.Release|Mixed Platforms.ActiveCfg = Release|Any CPU
		{E916BB6A-94F8-4E6C-A91E-530AD17DF89B}.Release|Mixed Platforms.Build.0 = Release|Any CPU
		{E916BB6A-94F8-4E6C-A91E-530AD17DF89B}.Release|Win32.ActiveCfg = Release|Any CPU
		{E916BB6A-94F8-4E6C-A91E-530AD17DF89B}.Release|x64.ActiveCfg = Release|Any CPU
		{31CE650E-9509-429F-B4A6-57810158D7E3}.Debug|Any CPU.ActiveCfg = Debug|Win32
		{31CE650E-9509-429F-B4A6-57810158D7E3}.Debug|Mixed Platforms.ActiveCfg = Debug|Win32
		{31CE650E-9509-429F-B4A6-57810158D7E3}.Debug|Mixed Platforms.Build.0 = Debug|Win32
		{31CE650E-9509-429F-B4A6-57810158D7E3}.Debug|Win32.ActiveCfg = Debug|Win32
		{31CE650E-9509-429F-B4A6-57810158D7E3}.Debug|Win32.Build.0 = Debug|Win32
		{31CE650E-9509-429F-B4A6-57810158D7E3}.Debug|x64.ActiveCfg = Debug|x64
		{31CE650E-9509-429F-B4A6-57810158D7E3}.Debug|x64.Build.0 = Debug|x64
		{31CE650E-9509-429F-B4A6-57810158D7E3}.Release|Any CPU.ActiveCfg = Release|Win32
		{31CE650E-9509-429F-B4A6-57810158D7E3}.Release|Mixed Platforms.ActiveCfg = Release|Win32
		{31CE650E-9509-429F-B4A6-57810158D7E3}.Release|Mixed Platforms.Build.0 = Release|Win32
		{31CE650E-9509-429F-B4A6-57810158D7E3}.Release|Win32.ActiveCfg = Release|Win32
		{31CE650E-9509-429F-B4A6-57810158D7E3}.Release|Win32.Build.0 = Release|Win32
		{31CE650E-9509-429F-B4A6-57810158D7E3}.Release|x64.ActiveCfg = Release|x64
		{31CE650E-9509-429F-B4A6-57810158D7E3}.Release|x64.Build.0 = Release|x64
	EndGlobalSection
	GlobalSection(SolutionProperties) = preSolution
		HideSolutionNode = FALSE
	EndGlobalSection
EndGlobal
